
Microsoft Visual Studio Solution File, Format Version 12.00
# Visual Studio Version 17
VisualStudioVersion = 17.9.34902.65
MinimumVisualStudioVersion = 10.0.40219.1
Project("{FAE04EC0-301F-11D3-BF4B-00C04F79EFBC}") = "GradeCalculator", "GradeCalculator\GradeCalculator.csproj", "{ECADCE9B-F456-4530-B9C0-F4069044F134}"
EndProject
Project("{FAE04EC0-301F-11D3-BF4B-00C04F79EFBC}") = "TicketPriceCalculator", "TicketPriceCalculator\TicketPriceCalculator.csproj", "{CEA277C2-5051-4F2F-A49C-AC7C3A286DF1}"
EndProject
Project("{FAE04EC0-301F-11D3-BF4B-00C04F79EFBC}") = "TriangleTypeIdentifier", "TriangleTypeIdentifier\TriangleTypeIdentifier.csproj", "{540541E8-074C-4291-B0A6-A472D1012F26}"
EndProject
Global
	GlobalSection(SolutionConfigurationPlatforms) = preSolution
		Debug|Any CPU = Debug|Any CPU
		Release|Any CPU = Release|Any CPU
	EndGlobalSection
	GlobalSection(ProjectConfigurationPlatforms) = postSolution
		{ECADCE9B-F456-4530-B9C0-F4069044F134}.Debug|Any CPU.ActiveCfg = Debug|Any CPU
		{ECADCE9B-F456-4530-B9C0-F4069044F134}.Debug|Any CPU.Build.0 = Debug|Any CPU
		{ECADCE9B-F456-4530-B9C0-F4069044F134}.Release|Any CPU.ActiveCfg = Release|Any CPU
		{ECADCE9B-F456-4530-B9C0-F4069044F134}.Release|Any CPU.Build.0 = Release|Any CPU
		{CEA277C2-5051-4F2F-A49C-AC7C3A286DF1}.Debug|Any CPU.ActiveCfg = Debug|Any CPU
		{CEA277C2-5051-4F2F-A49C-AC7C3A286DF1}.Debug|Any CPU.Build.0 = Debug|Any CPU
		{CEA277C2-5051-4F2F-A49C-AC7C3A286DF1}.Release|Any CPU.ActiveCfg = Release|Any CPU
		{CEA277C2-5051-4F2F-A49C-AC7C3A286DF1}.Release|Any CPU.Build.0 = Release|Any CPU
		{540541E8-074C-4291-B0A6-A472D1012F26}.Debug|Any CPU.ActiveCfg = Debug|Any CPU
		{540541E8-074C-4291-B0A6-A472D1012F26}.Debug|Any CPU.Build.0 = Debug|Any CPU
		{540541E8-074C-4291-B0A6-A472D1012F26}.Release|Any CPU.ActiveCfg = Release|Any CPU
		{540541E8-074C-4291-B0A6-A472D1012F26}.Release|Any CPU.Build.0 = Release|Any CPU
	EndGlobalSection
	GlobalSection(SolutionProperties) = preSolution
		HideSolutionNode = FALSE
	EndGlobalSection
	GlobalSection(ExtensibilityGlobals) = postSolution
		SolutionGuid = {DB98D9F6-C3A2-4BDC-B674-5086348C1CEE}
	EndGlobalSection
EndGlobal
